// !$*UTF8*$!
{
	archiveVersion = 1;
	classes = {
	};
	objectVersion = 56;
	objects = {

/* Begin PBXBuildFile section */
		7824AD812BF3D33800B549C8 /* SplashScreenView.swift in Sources */ = {isa = PBXBuildFile; fileRef = 7824AD802BF3D33800B549C8 /* SplashScreenView.swift */; };
		785D566E2BE51E0100CFB91B /* MusicItemDetailView.swift in Sources */ = {isa = PBXBuildFile; fileRef = 785D566D2BE51E0100CFB91B /* MusicItemDetailView.swift */; };
		785D56702BE55B4700CFB91B /* DetailsRowView.swift in Sources */ = {isa = PBXBuildFile; fileRef = 785D566F2BE55B4700CFB91B /* DetailsRowView.swift */; };
		785D56722BE69EB300CFB91B /* MusicItemInTrashGridView.swift in Sources */ = {isa = PBXBuildFile; fileRef = 785D56712BE69EB300CFB91B /* MusicItemInTrashGridView.swift */; };
		785D92442BD9046C006C3D6E /* TuneTrackerUser.swift in Sources */ = {isa = PBXBuildFile; fileRef = 785D92432BD9046C006C3D6E /* TuneTrackerUser.swift */; };
		785D92462BD905E6006C3D6E /* UserViewModel.swift in Sources */ = {isa = PBXBuildFile; fileRef = 785D92452BD905E6006C3D6E /* UserViewModel.swift */; };
		785D92492BD95F1C006C3D6E /* SettingsRootView.swift in Sources */ = {isa = PBXBuildFile; fileRef = 785D92482BD95F1C006C3D6E /* SettingsRootView.swift */; };
		785D924B2BD960A6006C3D6E /* EditProfileView.swift in Sources */ = {isa = PBXBuildFile; fileRef = 785D924A2BD960A6006C3D6E /* EditProfileView.swift */; };
		785D92962BDA3C19006C3D6E /* AddMusicItemView.swift in Sources */ = {isa = PBXBuildFile; fileRef = 785D92952BDA3C19006C3D6E /* AddMusicItemView.swift */; };
		785D92982BDA3C39006C3D6E /* AddMusicItemViewModel.swift in Sources */ = {isa = PBXBuildFile; fileRef = 785D92972BDA3C39006C3D6E /* AddMusicItemViewModel.swift */; };
		785D929A2BDA3CAA006C3D6E /* MusicItemViewModel.swift in Sources */ = {isa = PBXBuildFile; fileRef = 785D92992BDA3CAA006C3D6E /* MusicItemViewModel.swift */; };
		785D929C2BDA3CF4006C3D6E /* CollectionListView.swift in Sources */ = {isa = PBXBuildFile; fileRef = 785D929B2BDA3CF4006C3D6E /* CollectionListView.swift */; };
		785D92A12BDA3D2E006C3D6E /* Kingfisher in Frameworks */ = {isa = PBXBuildFile; productRef = 785D92A02BDA3D2E006C3D6E /* Kingfisher */; };
		785D92A32BDA3D4C006C3D6E /* MusicItem.swift in Sources */ = {isa = PBXBuildFile; fileRef = 785D92A22BDA3D4C006C3D6E /* MusicItem.swift */; };
		785D92A62BDA3E39006C3D6E /* CodeScanner in Frameworks */ = {isa = PBXBuildFile; productRef = 785D92A52BDA3E39006C3D6E /* CodeScanner */; };
		786E0BD32BEE512A008EAACC /* FirebaseAuth in Frameworks */ = {isa = PBXBuildFile; productRef = 786E0BD22BEE512A008EAACC /* FirebaseAuth */; };
		786E0BD52BEE512A008EAACC /* FirebaseDatabase in Frameworks */ = {isa = PBXBuildFile; productRef = 786E0BD42BEE512A008EAACC /* FirebaseDatabase */; };
		786E0BD72BEE512A008EAACC /* FirebaseDatabaseSwift in Frameworks */ = {isa = PBXBuildFile; productRef = 786E0BD62BEE512A008EAACC /* FirebaseDatabaseSwift */; };
		786E0BD92BEE512A008EAACC /* FirebaseFirestore in Frameworks */ = {isa = PBXBuildFile; productRef = 786E0BD82BEE512A008EAACC /* FirebaseFirestore */; };
		786E0BDB2BEE512A008EAACC /* FirebaseFirestoreSwift in Frameworks */ = {isa = PBXBuildFile; productRef = 786E0BDA2BEE512A008EAACC /* FirebaseFirestoreSwift */; };
		786E0BDD2BEE512A008EAACC /* FirebaseStorage in Frameworks */ = {isa = PBXBuildFile; productRef = 786E0BDC2BEE512A008EAACC /* FirebaseStorage */; };
		788A86452BF115B100135923 /* APIMusicItemCellView.swift in Sources */ = {isa = PBXBuildFile; fileRef = 788A86442BF115B100135923 /* APIMusicItemCellView.swift */; };
		788A86472BF1495800135923 /* PrivacyInfo.xcprivacy in Resources */ = {isa = PBXBuildFile; fileRef = 788A86462BF1495800135923 /* PrivacyInfo.xcprivacy */; };
		789C5E772BE4EB6800638C2F /* Fonts in Resources */ = {isa = PBXBuildFile; fileRef = 789C5E762BE4EB6800638C2F /* Fonts */; };
		789C5E792BE4ED8600638C2F /* MusicItemGrid.swift in Sources */ = {isa = PBXBuildFile; fileRef = 789C5E782BE4ED8600638C2F /* MusicItemGrid.swift */; };
		789C5E7B2BE4EE0D00638C2F /* TrashView.swift in Sources */ = {isa = PBXBuildFile; fileRef = 789C5E7A2BE4EE0D00638C2F /* TrashView.swift */; };
		789C5E7D2BE4EE9C00638C2F /* DiscogsAPIViewModel.swift in Sources */ = {isa = PBXBuildFile; fileRef = 789C5E7C2BE4EE9C00638C2F /* DiscogsAPIViewModel.swift */; };
		789C5E7F2BE4EEC200638C2F /* NetworkService.swift in Sources */ = {isa = PBXBuildFile; fileRef = 789C5E7E2BE4EEC200638C2F /* NetworkService.swift */; };
		789C5E842BE4F05700638C2F /* SearchDiscogsView.swift in Sources */ = {isa = PBXBuildFile; fileRef = 789C5E832BE4F05700638C2F /* SearchDiscogsView.swift */; };
		789C5E862BE4F07500638C2F /* SearchBarView.swift in Sources */ = {isa = PBXBuildFile; fileRef = 789C5E852BE4F07500638C2F /* SearchBarView.swift */; };
		789C5E8A2BE4F17000638C2F /* APIMusicItemDetailView.swift in Sources */ = {isa = PBXBuildFile; fileRef = 789C5E892BE4F17000638C2F /* APIMusicItemDetailView.swift */; };
		789C5E8C2BE5154600638C2F /* APIMusicItem.swift in Sources */ = {isa = PBXBuildFile; fileRef = 789C5E8B2BE5154600638C2F /* APIMusicItem.swift */; };
		78AA302F2BFB79EC00301AA8 /* DetailedAPIMusicItem.swift in Sources */ = {isa = PBXBuildFile; fileRef = 78AA302E2BFB79EC00301AA8 /* DetailedAPIMusicItem.swift */; };
		78B636092BD39A3E00004EE7 /* MusicItemsDigitalDiscographyApp.swift in Sources */ = {isa = PBXBuildFile; fileRef = 78B636082BD39A3E00004EE7 /* MusicItemsDigitalDiscographyApp.swift */; };
		78B6360B2BD39A3E00004EE7 /* ContentView.swift in Sources */ = {isa = PBXBuildFile; fileRef = 78B6360A2BD39A3E00004EE7 /* ContentView.swift */; };
		78B6360D2BD39A3F00004EE7 /* Assets.xcassets in Resources */ = {isa = PBXBuildFile; fileRef = 78B6360C2BD39A3F00004EE7 /* Assets.xcassets */; };
		78B636102BD39A3F00004EE7 /* Preview Assets.xcassets in Resources */ = {isa = PBXBuildFile; fileRef = 78B6360F2BD39A3F00004EE7 /* Preview Assets.xcassets */; };
		78B636172BD39A8900004EE7 /* UIApplication+RootViewController.swift in Sources */ = {isa = PBXBuildFile; fileRef = 78B636162BD39A8900004EE7 /* UIApplication+RootViewController.swift */; };
		78B636512BD39D9E00004EE7 /* GoogleSignIn in Frameworks */ = {isa = PBXBuildFile; productRef = 78B636502BD39D9E00004EE7 /* GoogleSignIn */; };
		78B636532BD39D9E00004EE7 /* GoogleSignInSwift in Frameworks */ = {isa = PBXBuildFile; productRef = 78B636522BD39D9E00004EE7 /* GoogleSignInSwift */; };
		78B636552BD39E6500004EE7 /* GoogleService-Info.plist in Resources */ = {isa = PBXBuildFile; fileRef = 78B636542BD39E6500004EE7 /* GoogleService-Info.plist */; };
		78B636582BD3A13000004EE7 /* AuthenticationViewModel.swift in Sources */ = {isa = PBXBuildFile; fileRef = 78B636572BD3A13000004EE7 /* AuthenticationViewModel.swift */; };
		78B6365A2BD3A1BE00004EE7 /* LogInView.swift in Sources */ = {isa = PBXBuildFile; fileRef = 78B636592BD3A1BE00004EE7 /* LogInView.swift */; };
		78D8B6652BE2DF4E00D763F7 /* CustomTextFieldView.swift in Sources */ = {isa = PBXBuildFile; fileRef = 78D8B6642BE2DF4E00D763F7 /* CustomTextFieldView.swift */; };
		78D8B6672BE2E00D00D763F7 /* SearchablePicker.swift in Sources */ = {isa = PBXBuildFile; fileRef = 78D8B6662BE2E00D00D763F7 /* SearchablePicker.swift */; };
		78D8B6692BE2E04F00D763F7 /* CustomButtonFullScreen.swift in Sources */ = {isa = PBXBuildFile; fileRef = 78D8B6682BE2E04F00D763F7 /* CustomButtonFullScreen.swift */; };
/* End PBXBuildFile section */

/* Begin PBXFileReference section */
		782460D12BEE24AC009C7802 /* MusicItemsDigitalDiscography.entitlements */ = {isa = PBXFileReference; lastKnownFileType = text.plist.entitlements; path = MusicItemsDigitalDiscography.entitlements; sourceTree = "<group>"; };
		7824AD802BF3D33800B549C8 /* SplashScreenView.swift */ = {isa = PBXFileReference; lastKnownFileType = sourcecode.swift; path = SplashScreenView.swift; sourceTree = "<group>"; };
		785D566D2BE51E0100CFB91B /* MusicItemDetailView.swift */ = {isa = PBXFileReference; lastKnownFileType = sourcecode.swift; path = MusicItemDetailView.swift; sourceTree = "<group>"; };
		785D566F2BE55B4700CFB91B /* DetailsRowView.swift */ = {isa = PBXFileReference; lastKnownFileType = sourcecode.swift; path = DetailsRowView.swift; sourceTree = "<group>"; };
		785D56712BE69EB300CFB91B /* MusicItemInTrashGridView.swift */ = {isa = PBXFileReference; lastKnownFileType = sourcecode.swift; path = MusicItemInTrashGridView.swift; sourceTree = "<group>"; };
		785D92432BD9046C006C3D6E /* TuneTrackerUser.swift */ = {isa = PBXFileReference; lastKnownFileType = sourcecode.swift; path = TuneTrackerUser.swift; sourceTree = "<group>"; };
		785D92452BD905E6006C3D6E /* UserViewModel.swift */ = {isa = PBXFileReference; lastKnownFileType = sourcecode.swift; path = UserViewModel.swift; sourceTree = "<group>"; };
		785D92482BD95F1C006C3D6E /* SettingsRootView.swift */ = {isa = PBXFileReference; lastKnownFileType = sourcecode.swift; path = SettingsRootView.swift; sourceTree = "<group>"; };
		785D924A2BD960A6006C3D6E /* EditProfileView.swift */ = {isa = PBXFileReference; lastKnownFileType = sourcecode.swift; path = EditProfileView.swift; sourceTree = "<group>"; };
		785D928D2BD9A33B006C3D6E /* MusicItemsDigitalDiscographyTests.swift */ = {isa = PBXFileReference; lastKnownFileType = sourcecode.swift; path = MusicItemsDigitalDiscographyTests.swift; sourceTree = "<group>"; };
		785D92952BDA3C19006C3D6E /* AddMusicItemView.swift */ = {isa = PBXFileReference; lastKnownFileType = sourcecode.swift; path = AddMusicItemView.swift; sourceTree = "<group>"; };
		785D92972BDA3C39006C3D6E /* AddMusicItemViewModel.swift */ = {isa = PBXFileReference; lastKnownFileType = sourcecode.swift; path = AddMusicItemViewModel.swift; sourceTree = "<group>"; };
		785D92992BDA3CAA006C3D6E /* MusicItemViewModel.swift */ = {isa = PBXFileReference; lastKnownFileType = sourcecode.swift; path = MusicItemViewModel.swift; sourceTree = "<group>"; };
		785D929B2BDA3CF4006C3D6E /* CollectionListView.swift */ = {isa = PBXFileReference; lastKnownFileType = sourcecode.swift; path = CollectionListView.swift; sourceTree = "<group>"; };
		785D92A22BDA3D4C006C3D6E /* MusicItem.swift */ = {isa = PBXFileReference; lastKnownFileType = sourcecode.swift; path = MusicItem.swift; sourceTree = "<group>"; };
		788A86442BF115B100135923 /* APIMusicItemCellView.swift */ = {isa = PBXFileReference; lastKnownFileType = sourcecode.swift; path = APIMusicItemCellView.swift; sourceTree = "<group>"; };
		788A86462BF1495800135923 /* PrivacyInfo.xcprivacy */ = {isa = PBXFileReference; lastKnownFileType = text.xml; path = PrivacyInfo.xcprivacy; sourceTree = "<group>"; };
		789C5E762BE4EB6800638C2F /* Fonts */ = {isa = PBXFileReference; lastKnownFileType = folder; path = Fonts; sourceTree = "<group>"; };
		789C5E782BE4ED8600638C2F /* MusicItemGrid.swift */ = {isa = PBXFileReference; lastKnownFileType = sourcecode.swift; path = MusicItemGrid.swift; sourceTree = "<group>"; };
		789C5E7A2BE4EE0D00638C2F /* TrashView.swift */ = {isa = PBXFileReference; lastKnownFileType = sourcecode.swift; path = TrashView.swift; sourceTree = "<group>"; };
		789C5E7C2BE4EE9C00638C2F /* DiscogsAPIViewModel.swift */ = {isa = PBXFileReference; lastKnownFileType = sourcecode.swift; path = DiscogsAPIViewModel.swift; sourceTree = "<group>"; };
		789C5E7E2BE4EEC200638C2F /* NetworkService.swift */ = {isa = PBXFileReference; lastKnownFileType = sourcecode.swift; path = NetworkService.swift; sourceTree = "<group>"; };
		789C5E832BE4F05700638C2F /* SearchDiscogsView.swift */ = {isa = PBXFileReference; lastKnownFileType = sourcecode.swift; path = SearchDiscogsView.swift; sourceTree = "<group>"; };
		789C5E852BE4F07500638C2F /* SearchBarView.swift */ = {isa = PBXFileReference; lastKnownFileType = sourcecode.swift; path = SearchBarView.swift; sourceTree = "<group>"; };
		789C5E892BE4F17000638C2F /* APIMusicItemDetailView.swift */ = {isa = PBXFileReference; lastKnownFileType = sourcecode.swift; path = APIMusicItemDetailView.swift; sourceTree = "<group>"; };
		789C5E8B2BE5154600638C2F /* APIMusicItem.swift */ = {isa = PBXFileReference; lastKnownFileType = sourcecode.swift; path = APIMusicItem.swift; sourceTree = "<group>"; };
		78AA302E2BFB79EC00301AA8 /* DetailedAPIMusicItem.swift */ = {isa = PBXFileReference; lastKnownFileType = sourcecode.swift; path = DetailedAPIMusicItem.swift; sourceTree = "<group>"; };
		78B636052BD39A3E00004EE7 /* MusicItemsDigitalDiscography.app */ = {isa = PBXFileReference; explicitFileType = wrapper.application; includeInIndex = 0; path = MusicItemsDigitalDiscography.app; sourceTree = BUILT_PRODUCTS_DIR; };
		78B636082BD39A3E00004EE7 /* MusicItemsDigitalDiscographyApp.swift */ = {isa = PBXFileReference; lastKnownFileType = sourcecode.swift; path = MusicItemsDigitalDiscographyApp.swift; sourceTree = "<group>"; };
		78B6360A2BD39A3E00004EE7 /* ContentView.swift */ = {isa = PBXFileReference; lastKnownFileType = sourcecode.swift; path = ContentView.swift; sourceTree = "<group>"; };
		78B6360C2BD39A3F00004EE7 /* Assets.xcassets */ = {isa = PBXFileReference; lastKnownFileType = folder.assetcatalog; path = Assets.xcassets; sourceTree = "<group>"; };
		78B6360F2BD39A3F00004EE7 /* Preview Assets.xcassets */ = {isa = PBXFileReference; lastKnownFileType = folder.assetcatalog; path = "Preview Assets.xcassets"; sourceTree = "<group>"; };
		78B636162BD39A8900004EE7 /* UIApplication+RootViewController.swift */ = {isa = PBXFileReference; lastKnownFileType = sourcecode.swift; path = "UIApplication+RootViewController.swift"; sourceTree = "<group>"; };
		78B636542BD39E6500004EE7 /* GoogleService-Info.plist */ = {isa = PBXFileReference; fileEncoding = 4; lastKnownFileType = text.plist.xml; path = "GoogleService-Info.plist"; sourceTree = "<group>"; };
		78B636562BD39EFB00004EE7 /* Info.plist */ = {isa = PBXFileReference; lastKnownFileType = text.plist; path = Info.plist; sourceTree = "<group>"; };
		78B636572BD3A13000004EE7 /* AuthenticationViewModel.swift */ = {isa = PBXFileReference; lastKnownFileType = sourcecode.swift; path = AuthenticationViewModel.swift; sourceTree = "<group>"; };
		78B636592BD3A1BE00004EE7 /* LogInView.swift */ = {isa = PBXFileReference; lastKnownFileType = sourcecode.swift; path = LogInView.swift; sourceTree = "<group>"; };
		78D8B6642BE2DF4E00D763F7 /* CustomTextFieldView.swift */ = {isa = PBXFileReference; lastKnownFileType = sourcecode.swift; path = CustomTextFieldView.swift; sourceTree = "<group>"; };
		78D8B6662BE2E00D00D763F7 /* SearchablePicker.swift */ = {isa = PBXFileReference; lastKnownFileType = sourcecode.swift; path = SearchablePicker.swift; sourceTree = "<group>"; };
		78D8B6682BE2E04F00D763F7 /* CustomButtonFullScreen.swift */ = {isa = PBXFileReference; lastKnownFileType = sourcecode.swift; path = CustomButtonFullScreen.swift; sourceTree = "<group>"; };
/* End PBXFileReference section */

/* Begin PBXFrameworksBuildPhase section */
		78B636022BD39A3E00004EE7 /* Frameworks */ = {
			isa = PBXFrameworksBuildPhase;
			buildActionMask = 2147483647;
			files = (
				786E0BD72BEE512A008EAACC /* FirebaseDatabaseSwift in Frameworks */,
				786E0BD52BEE512A008EAACC /* FirebaseDatabase in Frameworks */,
				78B636532BD39D9E00004EE7 /* GoogleSignInSwift in Frameworks */,
				786E0BDD2BEE512A008EAACC /* FirebaseStorage in Frameworks */,
				786E0BD32BEE512A008EAACC /* FirebaseAuth in Frameworks */,
				78B636512BD39D9E00004EE7 /* GoogleSignIn in Frameworks */,
				786E0BD92BEE512A008EAACC /* FirebaseFirestore in Frameworks */,
				785D92A12BDA3D2E006C3D6E /* Kingfisher in Frameworks */,
				785D92A62BDA3E39006C3D6E /* CodeScanner in Frameworks */,
				786E0BDB2BEE512A008EAACC /* FirebaseFirestoreSwift in Frameworks */,
			);
			runOnlyForDeploymentPostprocessing = 0;
		};
/* End PBXFrameworksBuildPhase section */

/* Begin PBXGroup section */
		785D92412BD90434006C3D6E /* Models */ = {
			isa = PBXGroup;
			children = (
				785D92432BD9046C006C3D6E /* TuneTrackerUser.swift */,
				785D92A22BDA3D4C006C3D6E /* MusicItem.swift */,
				789C5E8B2BE5154600638C2F /* APIMusicItem.swift */,
				78AA302E2BFB79EC00301AA8 /* DetailedAPIMusicItem.swift */,
			);
			path = Models;
			sourceTree = "<group>";
		};
		785D92422BD90441006C3D6E /* View-Models */ = {
			isa = PBXGroup;
			children = (
				78B636572BD3A13000004EE7 /* AuthenticationViewModel.swift */,
				785D92452BD905E6006C3D6E /* UserViewModel.swift */,
				785D92972BDA3C39006C3D6E /* AddMusicItemViewModel.swift */,
				785D92992BDA3CAA006C3D6E /* MusicItemViewModel.swift */,
				789C5E7C2BE4EE9C00638C2F /* DiscogsAPIViewModel.swift */,
			);
			path = "View-Models";
			sourceTree = "<group>";
		};
		785D92472BD95EC1006C3D6E /* Views */ = {
			isa = PBXGroup;
			children = (
				789C5E882BE4F0C700638C2F /* Main Views */,
				789C5E872BE4F0A800638C2F /* Search Discogs Views */,
				789C5E752BE4EAE000638C2F /* Reusable Views */,
				78B636592BD3A1BE00004EE7 /* LogInView.swift */,
				78B6360A2BD39A3E00004EE7 /* ContentView.swift */,
				785D924A2BD960A6006C3D6E /* EditProfileView.swift */,
				789C5E892BE4F17000638C2F /* APIMusicItemDetailView.swift */,
				785D566D2BE51E0100CFB91B /* MusicItemDetailView.swift */,
				7824AD802BF3D33800B549C8 /* SplashScreenView.swift */,
			);
			path = Views;
			sourceTree = "<group>";
		};
		785D928C2BD9A33B006C3D6E /* MusicItemsDigitalDiscographyTests */ = {
			isa = PBXGroup;
			children = (
				785D928D2BD9A33B006C3D6E /* MusicItemsDigitalDiscographyTests.swift */,
			);
			path = MusicItemsDigitalDiscographyTests;
			sourceTree = "<group>";
		};
		789C5E752BE4EAE000638C2F /* Reusable Views */ = {
			isa = PBXGroup;
			children = (
				78D8B6682BE2E04F00D763F7 /* CustomButtonFullScreen.swift */,
				78D8B6642BE2DF4E00D763F7 /* CustomTextFieldView.swift */,
				78D8B6662BE2E00D00D763F7 /* SearchablePicker.swift */,
				789C5E782BE4ED8600638C2F /* MusicItemGrid.swift */,
				785D56712BE69EB300CFB91B /* MusicItemInTrashGridView.swift */,
				785D566F2BE55B4700CFB91B /* DetailsRowView.swift */,
				788A86442BF115B100135923 /* APIMusicItemCellView.swift */,
			);
			path = "Reusable Views";
			sourceTree = "<group>";
		};
		789C5E822BE4EF0D00638C2F /* Utilities */ = {
			isa = PBXGroup;
			children = (
				78B636162BD39A8900004EE7 /* UIApplication+RootViewController.swift */,
				789C5E7E2BE4EEC200638C2F /* NetworkService.swift */,
			);
			path = Utilities;
			sourceTree = "<group>";
		};
		789C5E872BE4F0A800638C2F /* Search Discogs Views */ = {
			isa = PBXGroup;
			children = (
				789C5E832BE4F05700638C2F /* SearchDiscogsView.swift */,
				789C5E852BE4F07500638C2F /* SearchBarView.swift */,
			);
			path = "Search Discogs Views";
			sourceTree = "<group>";
		};
		789C5E882BE4F0C700638C2F /* Main Views */ = {
			isa = PBXGroup;
			children = (
				785D92482BD95F1C006C3D6E /* SettingsRootView.swift */,
				789C5E7A2BE4EE0D00638C2F /* TrashView.swift */,
				785D929B2BDA3CF4006C3D6E /* CollectionListView.swift */,
				785D92952BDA3C19006C3D6E /* AddMusicItemView.swift */,
			);
			path = "Main Views";
			sourceTree = "<group>";
		};
		78B635FC2BD39A3E00004EE7 = {
			isa = PBXGroup;
			children = (
				788A86462BF1495800135923 /* PrivacyInfo.xcprivacy */,
				78B636072BD39A3E00004EE7 /* MusicItemsDigitalDiscography */,
				785D928C2BD9A33B006C3D6E /* MusicItemsDigitalDiscographyTests */,
				78B636062BD39A3E00004EE7 /* Products */,
			);
			sourceTree = "<group>";
		};
		78B636062BD39A3E00004EE7 /* Products */ = {
			isa = PBXGroup;
			children = (
				78B636052BD39A3E00004EE7 /* MusicItemsDigitalDiscography.app */,
			);
			name = Products;
			sourceTree = "<group>";
		};
		78B636072BD39A3E00004EE7 /* MusicItemsDigitalDiscography */ = {
			isa = PBXGroup;
			children = (
				782460D12BEE24AC009C7802 /* MusicItemsDigitalDiscography.entitlements */,
				78B636542BD39E6500004EE7 /* GoogleService-Info.plist */,
				78B636562BD39EFB00004EE7 /* Info.plist */,
				78B636082BD39A3E00004EE7 /* MusicItemsDigitalDiscographyApp.swift */,
				785D92472BD95EC1006C3D6E /* Views */,
				785D92422BD90441006C3D6E /* View-Models */,
				785D92412BD90434006C3D6E /* Models */,
				789C5E822BE4EF0D00638C2F /* Utilities */,
				78B6360C2BD39A3F00004EE7 /* Assets.xcassets */,
				789C5E762BE4EB6800638C2F /* Fonts */,
				78B6360E2BD39A3F00004EE7 /* Preview Content */,
			);
			path = MusicItemsDigitalDiscography;
			sourceTree = "<group>";
		};
		78B6360E2BD39A3F00004EE7 /* Preview Content */ = {
			isa = PBXGroup;
			children = (
				78B6360F2BD39A3F00004EE7 /* Preview Assets.xcassets */,
			);
			path = "Preview Content";
			sourceTree = "<group>";
		};
/* End PBXGroup section */

/* Begin PBXNativeTarget section */
		78B636042BD39A3E00004EE7 /* MusicItemsDigitalDiscography */ = {
			isa = PBXNativeTarget;
			buildConfigurationList = 78B636132BD39A3F00004EE7 /* Build configuration list for PBXNativeTarget "MusicItemsDigitalDiscography" */;
			buildPhases = (
				78B636012BD39A3E00004EE7 /* Sources */,
				78B636022BD39A3E00004EE7 /* Frameworks */,
				78B636032BD39A3E00004EE7 /* Resources */,
			);
			buildRules = (
			);
			dependencies = (
			);
			name = MusicItemsDigitalDiscography;
			packageProductDependencies = (
				78B636502BD39D9E00004EE7 /* GoogleSignIn */,
				78B636522BD39D9E00004EE7 /* GoogleSignInSwift */,
				785D92A02BDA3D2E006C3D6E /* Kingfisher */,
				785D92A52BDA3E39006C3D6E /* CodeScanner */,
				786E0BD22BEE512A008EAACC /* FirebaseAuth */,
				786E0BD42BEE512A008EAACC /* FirebaseDatabase */,
				786E0BD62BEE512A008EAACC /* FirebaseDatabaseSwift */,
				786E0BD82BEE512A008EAACC /* FirebaseFirestore */,
				786E0BDA2BEE512A008EAACC /* FirebaseFirestoreSwift */,
				786E0BDC2BEE512A008EAACC /* FirebaseStorage */,
			);
			productName = MusicItemsDigitalDiscography;
			productReference = 78B636052BD39A3E00004EE7 /* MusicItemsDigitalDiscography.app */;
			productType = "com.apple.product-type.application";
		};
/* End PBXNativeTarget section */

/* Begin PBXProject section */
		78B635FD2BD39A3E00004EE7 /* Project object */ = {
			isa = PBXProject;
			attributes = {
				BuildIndependentTargetsInParallel = 1;
				LastSwiftUpdateCheck = 1530;
				LastUpgradeCheck = 1530;
				TargetAttributes = {
					78B636042BD39A3E00004EE7 = {
						CreatedOnToolsVersion = 15.3;
					};
				};
			};
			buildConfigurationList = 78B636002BD39A3E00004EE7 /* Build configuration list for PBXProject "MusicItemsDigitalDiscography" */;
			compatibilityVersion = "Xcode 14.0";
			developmentRegion = en;
			hasScannedForEncodings = 0;
			knownRegions = (
				en,
				Base,
			);
			mainGroup = 78B635FC2BD39A3E00004EE7;
			packageReferences = (
				78B6364F2BD39D9E00004EE7 /* XCRemoteSwiftPackageReference "GoogleSignIn-iOS" */,
				785D929F2BDA3D2E006C3D6E /* XCRemoteSwiftPackageReference "Kingfisher" */,
				785D92A42BDA3E38006C3D6E /* XCRemoteSwiftPackageReference "CodeScanner" */,
				786E0BD12BEE512A008EAACC /* XCRemoteSwiftPackageReference "firebase-ios-sdk" */,
			);
			productRefGroup = 78B636062BD39A3E00004EE7 /* Products */;
			projectDirPath = "";
			projectRoot = "";
			targets = (
				78B636042BD39A3E00004EE7 /* MusicItemsDigitalDiscography */,
			);
		};
/* End PBXProject section */

/* Begin PBXResourcesBuildPhase section */
		78B636032BD39A3E00004EE7 /* Resources */ = {
			isa = PBXResourcesBuildPhase;
			buildActionMask = 2147483647;
			files = (
				78B636102BD39A3F00004EE7 /* Preview Assets.xcassets in Resources */,
				78B6360D2BD39A3F00004EE7 /* Assets.xcassets in Resources */,
				78B636552BD39E6500004EE7 /* GoogleService-Info.plist in Resources */,
				788A86472BF1495800135923 /* PrivacyInfo.xcprivacy in Resources */,
				789C5E772BE4EB6800638C2F /* Fonts in Resources */,
			);
			runOnlyForDeploymentPostprocessing = 0;
		};
/* End PBXResourcesBuildPhase section */

/* Begin PBXSourcesBuildPhase section */
		78B636012BD39A3E00004EE7 /* Sources */ = {
			isa = PBXSourcesBuildPhase;
			buildActionMask = 2147483647;
			files = (
				78AA302F2BFB79EC00301AA8 /* DetailedAPIMusicItem.swift in Sources */,
				785D56702BE55B4700CFB91B /* DetailsRowView.swift in Sources */,
				789C5E7F2BE4EEC200638C2F /* NetworkService.swift in Sources */,
				785D929C2BDA3CF4006C3D6E /* CollectionListView.swift in Sources */,
				789C5E792BE4ED8600638C2F /* MusicItemGrid.swift in Sources */,
				789C5E8A2BE4F17000638C2F /* APIMusicItemDetailView.swift in Sources */,
				789C5E862BE4F07500638C2F /* SearchBarView.swift in Sources */,
				785D924B2BD960A6006C3D6E /* EditProfileView.swift in Sources */,
				785D56722BE69EB300CFB91B /* MusicItemInTrashGridView.swift in Sources */,
				789C5E8C2BE5154600638C2F /* APIMusicItem.swift in Sources */,
				78D8B6692BE2E04F00D763F7 /* CustomButtonFullScreen.swift in Sources */,
				78D8B6652BE2DF4E00D763F7 /* CustomTextFieldView.swift in Sources */,
				78B6365A2BD3A1BE00004EE7 /* LogInView.swift in Sources */,
				789C5E7B2BE4EE0D00638C2F /* TrashView.swift in Sources */,
				785D92982BDA3C39006C3D6E /* AddMusicItemViewModel.swift in Sources */,
				785D929A2BDA3CAA006C3D6E /* MusicItemViewModel.swift in Sources */,
				789C5E7D2BE4EE9C00638C2F /* DiscogsAPIViewModel.swift in Sources */,
				78B636582BD3A13000004EE7 /* AuthenticationViewModel.swift in Sources */,
				7824AD812BF3D33800B549C8 /* SplashScreenView.swift in Sources */,
				78B636172BD39A8900004EE7 /* UIApplication+RootViewController.swift in Sources */,
				78B6360B2BD39A3E00004EE7 /* ContentView.swift in Sources */,
				785D566E2BE51E0100CFB91B /* MusicItemDetailView.swift in Sources */,
				785D92A32BDA3D4C006C3D6E /* MusicItem.swift in Sources */,
				785D92492BD95F1C006C3D6E /* SettingsRootView.swift in Sources */,
				785D92442BD9046C006C3D6E /* TuneTrackerUser.swift in Sources */,
				78D8B6672BE2E00D00D763F7 /* SearchablePicker.swift in Sources */,
				785D92462BD905E6006C3D6E /* UserViewModel.swift in Sources */,
				785D92962BDA3C19006C3D6E /* AddMusicItemView.swift in Sources */,
				789C5E842BE4F05700638C2F /* SearchDiscogsView.swift in Sources */,
				788A86452BF115B100135923 /* APIMusicItemCellView.swift in Sources */,
				78B636092BD39A3E00004EE7 /* MusicItemsDigitalDiscographyApp.swift in Sources */,
			);
			runOnlyForDeploymentPostprocessing = 0;
		};
/* End PBXSourcesBuildPhase section */

/* Begin XCBuildConfiguration section */
		78B636112BD39A3F00004EE7 /* Debug */ = {
			isa = XCBuildConfiguration;
			buildSettings = {
				ALWAYS_SEARCH_USER_PATHS = NO;
				ASSETCATALOG_COMPILER_GENERATE_SWIFT_ASSET_SYMBOL_EXTENSIONS = YES;
				CLANG_ANALYZER_NONNULL = YES;
				CLANG_ANALYZER_NUMBER_OBJECT_CONVERSION = YES_AGGRESSIVE;
				CLANG_CXX_LANGUAGE_STANDARD = "gnu++20";
				CLANG_ENABLE_MODULES = YES;
				CLANG_ENABLE_OBJC_ARC = YES;
				CLANG_ENABLE_OBJC_WEAK = YES;
				CLANG_WARN_BLOCK_CAPTURE_AUTORELEASING = YES;
				CLANG_WARN_BOOL_CONVERSION = YES;
				CLANG_WARN_COMMA = YES;
				CLANG_WARN_CONSTANT_CONVERSION = YES;
				CLANG_WARN_DEPRECATED_OBJC_IMPLEMENTATIONS = YES;
				CLANG_WARN_DIRECT_OBJC_ISA_USAGE = YES_ERROR;
				CLANG_WARN_DOCUMENTATION_COMMENTS = YES;
				CLANG_WARN_EMPTY_BODY = YES;
				CLANG_WARN_ENUM_CONVERSION = YES;
				CLANG_WARN_INFINITE_RECURSION = YES;
				CLANG_WARN_INT_CONVERSION = YES;
				CLANG_WARN_NON_LITERAL_NULL_CONVERSION = YES;
				CLANG_WARN_OBJC_IMPLICIT_RETAIN_SELF = YES;
				CLANG_WARN_OBJC_LITERAL_CONVERSION = YES;
				CLANG_WARN_OBJC_ROOT_CLASS = YES_ERROR;
				CLANG_WARN_QUOTED_INCLUDE_IN_FRAMEWORK_HEADER = YES;
				CLANG_WARN_RANGE_LOOP_ANALYSIS = YES;
				CLANG_WARN_STRICT_PROTOTYPES = YES;
				CLANG_WARN_SUSPICIOUS_MOVE = YES;
				CLANG_WARN_UNGUARDED_AVAILABILITY = YES_AGGRESSIVE;
				CLANG_WARN_UNREACHABLE_CODE = YES;
				CLANG_WARN__DUPLICATE_METHOD_MATCH = YES;
				COPY_PHASE_STRIP = NO;
				DEBUG_INFORMATION_FORMAT = dwarf;
				ENABLE_STRICT_OBJC_MSGSEND = YES;
				ENABLE_TESTABILITY = YES;
				ENABLE_USER_SCRIPT_SANDBOXING = YES;
				GCC_C_LANGUAGE_STANDARD = gnu17;
				GCC_DYNAMIC_NO_PIC = NO;
				GCC_NO_COMMON_BLOCKS = YES;
				GCC_OPTIMIZATION_LEVEL = 0;
				GCC_PREPROCESSOR_DEFINITIONS = (
					"DEBUG=1",
					"$(inherited)",
				);
				GCC_WARN_64_TO_32_BIT_CONVERSION = YES;
				GCC_WARN_ABOUT_RETURN_TYPE = YES_ERROR;
				GCC_WARN_UNDECLARED_SELECTOR = YES;
				GCC_WARN_UNINITIALIZED_AUTOS = YES_AGGRESSIVE;
				GCC_WARN_UNUSED_FUNCTION = YES;
				GCC_WARN_UNUSED_VARIABLE = YES;
				IPHONEOS_DEPLOYMENT_TARGET = 16.0;
				LOCALIZATION_PREFERS_STRING_CATALOGS = YES;
				MTL_ENABLE_DEBUG_INFO = INCLUDE_SOURCE;
				MTL_FAST_MATH = YES;
				ONLY_ACTIVE_ARCH = YES;
				SDKROOT = iphoneos;
				SWIFT_ACTIVE_COMPILATION_CONDITIONS = "DEBUG $(inherited)";
				SWIFT_OPTIMIZATION_LEVEL = "-Onone";
			};
			name = Debug;
		};
		78B636122BD39A3F00004EE7 /* Release */ = {
			isa = XCBuildConfiguration;
			buildSettings = {
				ALWAYS_SEARCH_USER_PATHS = NO;
				ASSETCATALOG_COMPILER_GENERATE_SWIFT_ASSET_SYMBOL_EXTENSIONS = YES;
				CLANG_ANALYZER_NONNULL = YES;
				CLANG_ANALYZER_NUMBER_OBJECT_CONVERSION = YES_AGGRESSIVE;
				CLANG_CXX_LANGUAGE_STANDARD = "gnu++20";
				CLANG_ENABLE_MODULES = YES;
				CLANG_ENABLE_OBJC_ARC = YES;
				CLANG_ENABLE_OBJC_WEAK = YES;
				CLANG_WARN_BLOCK_CAPTURE_AUTORELEASING = YES;
				CLANG_WARN_BOOL_CONVERSION = YES;
				CLANG_WARN_COMMA = YES;
				CLANG_WARN_CONSTANT_CONVERSION = YES;
				CLANG_WARN_DEPRECATED_OBJC_IMPLEMENTATIONS = YES;
				CLANG_WARN_DIRECT_OBJC_ISA_USAGE = YES_ERROR;
				CLANG_WARN_DOCUMENTATION_COMMENTS = YES;
				CLANG_WARN_EMPTY_BODY = YES;
				CLANG_WARN_ENUM_CONVERSION = YES;
				CLANG_WARN_INFINITE_RECURSION = YES;
				CLANG_WARN_INT_CONVERSION = YES;
				CLANG_WARN_NON_LITERAL_NULL_CONVERSION = YES;
				CLANG_WARN_OBJC_IMPLICIT_RETAIN_SELF = YES;
				CLANG_WARN_OBJC_LITERAL_CONVERSION = YES;
				CLANG_WARN_OBJC_ROOT_CLASS = YES_ERROR;
				CLANG_WARN_QUOTED_INCLUDE_IN_FRAMEWORK_HEADER = YES;
				CLANG_WARN_RANGE_LOOP_ANALYSIS = YES;
				CLANG_WARN_STRICT_PROTOTYPES = YES;
				CLANG_WARN_SUSPICIOUS_MOVE = YES;
				CLANG_WARN_UNGUARDED_AVAILABILITY = YES_AGGRESSIVE;
				CLANG_WARN_UNREACHABLE_CODE = YES;
				CLANG_WARN__DUPLICATE_METHOD_MATCH = YES;
				COPY_PHASE_STRIP = NO;
				DEBUG_INFORMATION_FORMAT = "dwarf-with-dsym";
				ENABLE_NS_ASSERTIONS = NO;
				ENABLE_STRICT_OBJC_MSGSEND = YES;
				ENABLE_USER_SCRIPT_SANDBOXING = YES;
				GCC_C_LANGUAGE_STANDARD = gnu17;
				GCC_NO_COMMON_BLOCKS = YES;
				GCC_WARN_64_TO_32_BIT_CONVERSION = YES;
				GCC_WARN_ABOUT_RETURN_TYPE = YES_ERROR;
				GCC_WARN_UNDECLARED_SELECTOR = YES;
				GCC_WARN_UNINITIALIZED_AUTOS = YES_AGGRESSIVE;
				GCC_WARN_UNUSED_FUNCTION = YES;
				GCC_WARN_UNUSED_VARIABLE = YES;
				IPHONEOS_DEPLOYMENT_TARGET = 16.0;
				LOCALIZATION_PREFERS_STRING_CATALOGS = YES;
				MTL_ENABLE_DEBUG_INFO = NO;
				MTL_FAST_MATH = YES;
				SDKROOT = iphoneos;
				SWIFT_COMPILATION_MODE = wholemodule;
				VALIDATE_PRODUCT = YES;
			};
			name = Release;
		};
		78B636142BD39A3F00004EE7 /* Debug */ = {
			isa = XCBuildConfiguration;
			buildSettings = {
				ASSETCATALOG_COMPILER_APPICON_NAME = AppIcon;
				ASSETCATALOG_COMPILER_GLOBAL_ACCENT_COLOR_NAME = AccentColor;
				CODE_SIGN_ENTITLEMENTS = MusicItemsDigitalDiscography/MusicItemsDigitalDiscography.entitlements;
				CODE_SIGN_STYLE = Automatic;
				CURRENT_PROJECT_VERSION = 1;
				DEVELOPMENT_ASSET_PATHS = "\"MusicItemsDigitalDiscography/Preview Content\"";
				DEVELOPMENT_TEAM = DG79X2STCK;
				ENABLE_PREVIEWS = YES;
				GENERATE_INFOPLIST_FILE = YES;
				INFOPLIST_FILE = MusicItemsDigitalDiscography/Info.plist;
				INFOPLIST_KEY_CFBundleDisplayName = Digiamp;
				INFOPLIST_KEY_LSApplicationCategoryType = "public.app-category.music";
				INFOPLIST_KEY_NSCameraUsageDescription = "\"This app requires access to the camera to allow users to scan barcodes and take photos.\"";
				INFOPLIST_KEY_UIApplicationSceneManifest_Generation = YES;
				INFOPLIST_KEY_UIApplicationSupportsIndirectInputEvents = YES;
				INFOPLIST_KEY_UILaunchScreen_Generation = YES;
				INFOPLIST_KEY_UIRequiresFullScreen = YES;
				INFOPLIST_KEY_UIStatusBarHidden = YES;
				INFOPLIST_KEY_UIStatusBarStyle = "";
				INFOPLIST_KEY_UISupportedInterfaceOrientations = UIInterfaceOrientationPortrait;
				IPHONEOS_DEPLOYMENT_TARGET = 16.0;
				LD_RUNPATH_SEARCH_PATHS = (
					"$(inherited)",
					"@executable_path/Frameworks",
				);
				MARKETING_VERSION = 0.9;
				PRODUCT_BUNDLE_IDENTIFIER = me.MusicItemsDigitalDiscography;
				PRODUCT_NAME = "$(TARGET_NAME)";
				SUPPORTED_PLATFORMS = "iphoneos iphonesimulator";
				SUPPORTS_MACCATALYST = NO;
				SUPPORTS_MAC_DESIGNED_FOR_IPHONE_IPAD = NO;
				SUPPORTS_XR_DESIGNED_FOR_IPHONE_IPAD = NO;
				SWIFT_EMIT_LOC_STRINGS = YES;
				SWIFT_VERSION = 5.0;
				TARGETED_DEVICE_FAMILY = 1;
			};
			name = Debug;
		};
		78B636152BD39A3F00004EE7 /* Release */ = {
			isa = XCBuildConfiguration;
			buildSettings = {
				ASSETCATALOG_COMPILER_APPICON_NAME = AppIcon;
				ASSETCATALOG_COMPILER_GLOBAL_ACCENT_COLOR_NAME = AccentColor;
				CODE_SIGN_ENTITLEMENTS = MusicItemsDigitalDiscography/MusicItemsDigitalDiscography.entitlements;
				CODE_SIGN_STYLE = Automatic;
				CURRENT_PROJECT_VERSION = 1;
				DEVELOPMENT_ASSET_PATHS = "\"MusicItemsDigitalDiscography/Preview Content\"";
				DEVELOPMENT_TEAM = DG79X2STCK;
				ENABLE_PREVIEWS = YES;
				GENERATE_INFOPLIST_FILE = YES;
				INFOPLIST_FILE = MusicItemsDigitalDiscography/Info.plist;
				INFOPLIST_KEY_CFBundleDisplayName = Digiamp;
				INFOPLIST_KEY_LSApplicationCategoryType = "public.app-category.music";
				INFOPLIST_KEY_NSCameraUsageDescription = "\"This app requires access to the camera to allow users to scan barcodes and take photos.\"";
				INFOPLIST_KEY_UIApplicationSceneManifest_Generation = YES;
				INFOPLIST_KEY_UIApplicationSupportsIndirectInputEvents = YES;
				INFOPLIST_KEY_UILaunchScreen_Generation = YES;
				INFOPLIST_KEY_UIRequiresFullScreen = YES;
				INFOPLIST_KEY_UIStatusBarHidden = YES;
				INFOPLIST_KEY_UIStatusBarStyle = "";
				INFOPLIST_KEY_UISupportedInterfaceOrientations = UIInterfaceOrientationPortrait;
				IPHONEOS_DEPLOYMENT_TARGET = 16.0;
				LD_RUNPATH_SEARCH_PATHS = (
					"$(inherited)",
					"@executable_path/Frameworks",
				);
				MARKETING_VERSION = 0.9;
				PRODUCT_BUNDLE_IDENTIFIER = me.MusicItemsDigitalDiscography;
				PRODUCT_NAME = "$(TARGET_NAME)";
				SUPPORTED_PLATFORMS = "iphoneos iphonesimulator";
				SUPPORTS_MACCATALYST = NO;
				SUPPORTS_MAC_DESIGNED_FOR_IPHONE_IPAD = NO;
				SUPPORTS_XR_DESIGNED_FOR_IPHONE_IPAD = NO;
				SWIFT_EMIT_LOC_STRINGS = YES;
				SWIFT_VERSION = 5.0;
				TARGETED_DEVICE_FAMILY = 1;
			};
			name = Release;
		};
/* End XCBuildConfiguration section */

/* Begin XCConfigurationList section */
		78B636002BD39A3E00004EE7 /* Build configuration list for PBXProject "MusicItemsDigitalDiscography" */ = {
			isa = XCConfigurationList;
			buildConfigurations = (
				78B636112BD39A3F00004EE7 /* Debug */,
				78B636122BD39A3F00004EE7 /* Release */,
			);
			defaultConfigurationIsVisible = 0;
			defaultConfigurationName = Release;
		};
		78B636132BD39A3F00004EE7 /* Build configuration list for PBXNativeTarget "MusicItemsDigitalDiscography" */ = {
			isa = XCConfigurationList;
			buildConfigurations = (
				78B636142BD39A3F00004EE7 /* Debug */,
				78B636152BD39A3F00004EE7 /* Release */,
			);
			defaultConfigurationIsVisible = 0;
			defaultConfigurationName = Release;
		};
/* End XCConfigurationList section */

/* Begin XCRemoteSwiftPackageReference section */
		785D929F2BDA3D2E006C3D6E /* XCRemoteSwiftPackageReference "Kingfisher" */ = {
			isa = XCRemoteSwiftPackageReference;
			repositoryURL = "https://github.com/onevcat/Kingfisher.git";
			requirement = {
				kind = upToNextMajorVersion;
				minimumVersion = 7.11.0;
			};
		};
		785D92A42BDA3E38006C3D6E /* XCRemoteSwiftPackageReference "CodeScanner" */ = {
			isa = XCRemoteSwiftPackageReference;
			repositoryURL = "https://github.com/twostraws/CodeScanner.git";
			requirement = {
				kind = upToNextMajorVersion;
				minimumVersion = 2.4.1;
			};
		};
		786E0BD12BEE512A008EAACC /* XCRemoteSwiftPackageReference "firebase-ios-sdk" */ = {
			isa = XCRemoteSwiftPackageReference;
			repositoryURL = "https://github.com/firebase/firebase-ios-sdk.git";
			requirement = {
				kind = upToNextMajorVersion;
				minimumVersion = 10.25.0;
			};
		};
		78B6364F2BD39D9E00004EE7 /* XCRemoteSwiftPackageReference "GoogleSignIn-iOS" */ = {
			isa = XCRemoteSwiftPackageReference;
			repositoryURL = "https://github.com/google/GoogleSignIn-iOS";
			requirement = {
				kind = upToNextMajorVersion;
				minimumVersion = 7.1.0;
			};
		};
/* End XCRemoteSwiftPackageReference section */

/* Begin XCSwiftPackageProductDependency section */
		785D92A02BDA3D2E006C3D6E /* Kingfisher */ = {
			isa = XCSwiftPackageProductDependency;
			package = 785D929F2BDA3D2E006C3D6E /* XCRemoteSwiftPackageReference "Kingfisher" */;
			productName = Kingfisher;
		};
		785D92A52BDA3E39006C3D6E /* CodeScanner */ = {
			isa = XCSwiftPackageProductDependency;
			package = 785D92A42BDA3E38006C3D6E /* XCRemoteSwiftPackageReference "CodeScanner" */;
			productName = CodeScanner;
		};
		786E0BD22BEE512A008EAACC /* FirebaseAuth */ = {
			isa = XCSwiftPackageProductDependency;
			package = 786E0BD12BEE512A008EAACC /* XCRemoteSwiftPackageReference "firebase-ios-sdk" */;
			productName = FirebaseAuth;
		};
		786E0BD42BEE512A008EAACC /* FirebaseDatabase */ = {
			isa = XCSwiftPackageProductDependency;
			package = 786E0BD12BEE512A008EAACC /* XCRemoteSwiftPackageReference "firebase-ios-sdk" */;
			productName = FirebaseDatabase;
		};
		786E0BD62BEE512A008EAACC /* FirebaseDatabaseSwift */ = {
			isa = XCSwiftPackageProductDependency;
			package = 786E0BD12BEE512A008EAACC /* XCRemoteSwiftPackageReference "firebase-ios-sdk" */;
			productName = FirebaseDatabaseSwift;
		};
		786E0BD82BEE512A008EAACC /* FirebaseFirestore */ = {
			isa = XCSwiftPackageProductDependency;
			package = 786E0BD12BEE512A008EAACC /* XCRemoteSwiftPackageReference "firebase-ios-sdk" */;
			productName = FirebaseFirestore;
		};
		786E0BDA2BEE512A008EAACC /* FirebaseFirestoreSwift */ = {
			isa = XCSwiftPackageProductDependency;
			package = 786E0BD12BEE512A008EAACC /* XCRemoteSwiftPackageReference "firebase-ios-sdk" */;
			productName = FirebaseFirestoreSwift;
		};
		786E0BDC2BEE512A008EAACC /* FirebaseStorage */ = {
			isa = XCSwiftPackageProductDependency;
			package = 786E0BD12BEE512A008EAACC /* XCRemoteSwiftPackageReference "firebase-ios-sdk" */;
			productName = FirebaseStorage;
		};
		78B636502BD39D9E00004EE7 /* GoogleSignIn */ = {
			isa = XCSwiftPackageProductDependency;
			package = 78B6364F2BD39D9E00004EE7 /* XCRemoteSwiftPackageReference "GoogleSignIn-iOS" */;
			productName = GoogleSignIn;
		};
		78B636522BD39D9E00004EE7 /* GoogleSignInSwift */ = {
			isa = XCSwiftPackageProductDependency;
			package = 78B6364F2BD39D9E00004EE7 /* XCRemoteSwiftPackageReference "GoogleSignIn-iOS" */;
			productName = GoogleSignInSwift;
		};
/* End XCSwiftPackageProductDependency section */
	};
	rootObject = 78B635FD2BD39A3E00004EE7 /* Project object */;
}
